
Microsoft Visual Studio Solution File, Format Version 12.00
# Visual Studio Version 17
VisualStudioVersion = 17.14.36202.13
MinimumVisualStudioVersion = 10.0.40219.1
Project("{FAE04EC0-301F-11D3-BF4B-00C04F79EFBC}") = "User.Domain", "User.Domain\User.Domain.csproj", "{124977DF-04B9-4774-B9ED-824D775A9516}"
EndProject
Project("{2150E333-8FDC-42A3-9474-1A3956D46DE8}") = "src", "src", "{02EA681E-C7D8-13C7-8484-4AC65E1B71E8}"
EndProject
Project("{2150E333-8FDC-42A3-9474-1A3956D46DE8}") = "Services", "Services", "{FD0B58D5-4D36-491C-A5AE-96178201F7AB}"
EndProject
Project("{2150E333-8FDC-42A3-9474-1A3956D46DE8}") = "User", "User", "{9463BD52-ED2C-4938-BA20-42755613EA57}"
EndProject
Project("{2150E333-8FDC-42A3-9474-1A3956D46DE8}") = "Kitchen", "Kitchen", "{3D85607B-C9F9-463D-8C08-4E7D265506E6}"
EndProject
Project("{FAE04EC0-301F-11D3-BF4B-00C04F79EFBC}") = "Kitchen.Domain", "Kitchen.Domain\Kitchen.Domain.csproj", "{F0C100DC-B55B-4452-907E-DC601AA0262C}"
EndProject
Project("{FAE04EC0-301F-11D3-BF4B-00C04F79EFBC}") = "Kitchen.Application", "Kitchen.Application\Kitchen.Application.csproj", "{8BFBA10D-03ED-4280-900B-870496FBC948}"
EndProject
Project("{FAE04EC0-301F-11D3-BF4B-00C04F79EFBC}") = "User.Application", "User.Application\User.Application.csproj", "{09E5154E-A37A-4B2C-8C98-E5777EA479BE}"
EndProject
Project("{FAE04EC0-301F-11D3-BF4B-00C04F79EFBC}") = "Kitchen.Infrastructure", "Kitchen.Infrastructure\Kitchen.Infrastructure.csproj", "{6C548337-E3D0-47A9-967C-481F0F7BAE9B}"
EndProject
Project("{FAE04EC0-301F-11D3-BF4B-00C04F79EFBC}") = "User.Infrastructure", "User.Infrastructure\User.Infrastructure.csproj", "{1CA259EF-737A-496A-837C-E8282914CFDC}"
EndProject
Project("{2150E333-8FDC-42A3-9474-1A3956D46DE8}") = "Gateway", "Gateway", "{F471F5FB-0518-47B4-95C9-514D3699DAD0}"
EndProject
Project("{2150E333-8FDC-42A3-9474-1A3956D46DE8}") = "Shared", "Shared", "{B1BF5564-3455-4F36-A71A-70D3626223CA}"
EndProject
Project("{FAE04EC0-301F-11D3-BF4B-00C04F79EFBC}") = "Shared.Common", "Shared.Common\Shared.Common.csproj", "{18B9E1C7-661A-44BB-B15D-DD58DAF325B9}"
EndProject
Project("{FAE04EC0-301F-11D3-BF4B-00C04F79EFBC}") = "User.Api", "User.Api\User.Api.csproj", "{AAC368E8-654E-4D93-A165-74C44386BA6F}"
EndProject
Project("{2150E333-8FDC-42A3-9474-1A3956D46DE8}") = "tests", "tests", "{72C76516-6E88-4CE0-BC87-11035553B50C}"
EndProject
Project("{2150E333-8FDC-42A3-9474-1A3956D46DE8}") = "Services", "Services", "{AF3D38BD-2FFB-4853-8EA0-9F6D844EE8D4}"
EndProject
Project("{2150E333-8FDC-42A3-9474-1A3956D46DE8}") = "User", "User", "{421BAD4C-070C-4E78-B4C6-A89A44A9455F}"
EndProject
Project("{FAE04EC0-301F-11D3-BF4B-00C04F79EFBC}") = "User.Tests", "User.Tests\User.Tests.csproj", "{E7D88C2A-3718-49EA-A6B8-86DE00B820F8}"
EndProject
Global
	GlobalSection(SolutionConfigurationPlatforms) = preSolution
		Debug|Any CPU = Debug|Any CPU
		Release|Any CPU = Release|Any CPU
	EndGlobalSection
	GlobalSection(ProjectConfigurationPlatforms) = postSolution
		{124977DF-04B9-4774-B9ED-824D775A9516}.Debug|Any CPU.ActiveCfg = Debug|Any CPU
		{124977DF-04B9-4774-B9ED-824D775A9516}.Debug|Any CPU.Build.0 = Debug|Any CPU
		{124977DF-04B9-4774-B9ED-824D775A9516}.Release|Any CPU.ActiveCfg = Release|Any CPU
		{124977DF-04B9-4774-B9ED-824D775A9516}.Release|Any CPU.Build.0 = Release|Any CPU
		{F0C100DC-B55B-4452-907E-DC601AA0262C}.Debug|Any CPU.ActiveCfg = Debug|Any CPU
		{F0C100DC-B55B-4452-907E-DC601AA0262C}.Debug|Any CPU.Build.0 = Debug|Any CPU
		{F0C100DC-B55B-4452-907E-DC601AA0262C}.Release|Any CPU.ActiveCfg = Release|Any CPU
		{F0C100DC-B55B-4452-907E-DC601AA0262C}.Release|Any CPU.Build.0 = Release|Any CPU
		{8BFBA10D-03ED-4280-900B-870496FBC948}.Debug|Any CPU.ActiveCfg = Debug|Any CPU
		{8BFBA10D-03ED-4280-900B-870496FBC948}.Debug|Any CPU.Build.0 = Debug|Any CPU
		{8BFBA10D-03ED-4280-900B-870496FBC948}.Release|Any CPU.ActiveCfg = Release|Any CPU
		{8BFBA10D-03ED-4280-900B-870496FBC948}.Release|Any CPU.Build.0 = Release|Any CPU
		{09E5154E-A37A-4B2C-8C98-E5777EA479BE}.Debug|Any CPU.ActiveCfg = Debug|Any CPU
		{09E5154E-A37A-4B2C-8C98-E5777EA479BE}.Debug|Any CPU.Build.0 = Debug|Any CPU
		{09E5154E-A37A-4B2C-8C98-E5777EA479BE}.Release|Any CPU.ActiveCfg = Release|Any CPU
		{09E5154E-A37A-4B2C-8C98-E5777EA479BE}.Release|Any CPU.Build.0 = Release|Any CPU
		{6C548337-E3D0-47A9-967C-481F0F7BAE9B}.Debug|Any CPU.ActiveCfg = Debug|Any CPU
		{6C548337-E3D0-47A9-967C-481F0F7BAE9B}.Debug|Any CPU.Build.0 = Debug|Any CPU
		{6C548337-E3D0-47A9-967C-481F0F7BAE9B}.Release|Any CPU.ActiveCfg = Release|Any CPU
		{6C548337-E3D0-47A9-967C-481F0F7BAE9B}.Release|Any CPU.Build.0 = Release|Any CPU
		{1CA259EF-737A-496A-837C-E8282914CFDC}.Debug|Any CPU.ActiveCfg = Debug|Any CPU
		{1CA259EF-737A-496A-837C-E8282914CFDC}.Debug|Any CPU.Build.0 = Debug|Any CPU
		{1CA259EF-737A-496A-837C-E8282914CFDC}.Release|Any CPU.ActiveCfg = Release|Any CPU
		{1CA259EF-737A-496A-837C-E8282914CFDC}.Release|Any CPU.Build.0 = Release|Any CPU
		{18B9E1C7-661A-44BB-B15D-DD58DAF325B9}.Debug|Any CPU.ActiveCfg = Debug|Any CPU
		{18B9E1C7-661A-44BB-B15D-DD58DAF325B9}.Debug|Any CPU.Build.0 = Debug|Any CPU
		{18B9E1C7-661A-44BB-B15D-DD58DAF325B9}.Release|Any CPU.ActiveCfg = Release|Any CPU
		{18B9E1C7-661A-44BB-B15D-DD58DAF325B9}.Release|Any CPU.Build.0 = Release|Any CPU
		{AAC368E8-654E-4D93-A165-74C44386BA6F}.Debug|Any CPU.ActiveCfg = Debug|Any CPU
		{AAC368E8-654E-4D93-A165-74C44386BA6F}.Debug|Any CPU.Build.0 = Debug|Any CPU
		{AAC368E8-654E-4D93-A165-74C44386BA6F}.Release|Any CPU.ActiveCfg = Release|Any CPU
		{AAC368E8-654E-4D93-A165-74C44386BA6F}.Release|Any CPU.Build.0 = Release|Any CPU
		{E7D88C2A-3718-49EA-A6B8-86DE00B820F8}.Debug|Any CPU.ActiveCfg = Debug|Any CPU
		{E7D88C2A-3718-49EA-A6B8-86DE00B820F8}.Debug|Any CPU.Build.0 = Debug|Any CPU
		{E7D88C2A-3718-49EA-A6B8-86DE00B820F8}.Release|Any CPU.ActiveCfg = Release|Any CPU
		{E7D88C2A-3718-49EA-A6B8-86DE00B820F8}.Release|Any CPU.Build.0 = Release|Any CPU
	EndGlobalSection
	GlobalSection(SolutionProperties) = preSolution
		HideSolutionNode = FALSE
	EndGlobalSection
	GlobalSection(NestedProjects) = preSolution
		{124977DF-04B9-4774-B9ED-824D775A9516} = {9463BD52-ED2C-4938-BA20-42755613EA57}
		{FD0B58D5-4D36-491C-A5AE-96178201F7AB} = {02EA681E-C7D8-13C7-8484-4AC65E1B71E8}
		{9463BD52-ED2C-4938-BA20-42755613EA57} = {FD0B58D5-4D36-491C-A5AE-96178201F7AB}
		{3D85607B-C9F9-463D-8C08-4E7D265506E6} = {FD0B58D5-4D36-491C-A5AE-96178201F7AB}
		{F0C100DC-B55B-4452-907E-DC601AA0262C} = {3D85607B-C9F9-463D-8C08-4E7D265506E6}
		{8BFBA10D-03ED-4280-900B-870496FBC948} = {3D85607B-C9F9-463D-8C08-4E7D265506E6}
		{09E5154E-A37A-4B2C-8C98-E5777EA479BE} = {9463BD52-ED2C-4938-BA20-42755613EA57}
		{6C548337-E3D0-47A9-967C-481F0F7BAE9B} = {3D85607B-C9F9-463D-8C08-4E7D265506E6}
		{1CA259EF-737A-496A-837C-E8282914CFDC} = {9463BD52-ED2C-4938-BA20-42755613EA57}
		{F471F5FB-0518-47B4-95C9-514D3699DAD0} = {02EA681E-C7D8-13C7-8484-4AC65E1B71E8}
		{B1BF5564-3455-4F36-A71A-70D3626223CA} = {02EA681E-C7D8-13C7-8484-4AC65E1B71E8}
		{18B9E1C7-661A-44BB-B15D-DD58DAF325B9} = {B1BF5564-3455-4F36-A71A-70D3626223CA}
		{AAC368E8-654E-4D93-A165-74C44386BA6F} = {9463BD52-ED2C-4938-BA20-42755613EA57}
		{AF3D38BD-2FFB-4853-8EA0-9F6D844EE8D4} = {72C76516-6E88-4CE0-BC87-11035553B50C}
		{421BAD4C-070C-4E78-B4C6-A89A44A9455F} = {AF3D38BD-2FFB-4853-8EA0-9F6D844EE8D4}
		{E7D88C2A-3718-49EA-A6B8-86DE00B820F8} = {421BAD4C-070C-4E78-B4C6-A89A44A9455F}
	EndGlobalSection
	GlobalSection(ExtensibilityGlobals) = postSolution
		SolutionGuid = {3C6CDCBD-BA9B-4805-ADC7-3CCB2D88F0B6}
	EndGlobalSection
EndGlobal
